<Solution>
  <Configurations>
    <Platform Name="Any CPU" />
    <Platform Name="x64" />
    <Platform Name="x86" />
  </Configurations>
  <Folder Name="/Benchmarks/">
    <Project Path="benchmarks/All/Lib.Benchmarks.csproj" />
    <Project Path="benchmarks/Collections/Lib.Collections.Benchmarks.csproj" />
    <Project Path="benchmarks/Flow/Lib.Flow.Benchmarks.csproj" />
    <Project Path="benchmarks/Logging/Lib.Logging.Benchmarks.csproj" />
    <Project Path="benchmarks/Utils/Lib.Utils.Benchmarks.csproj" />
  </Folder>
  <Folder Name="/Samples/">
    <Project Path="samples/Collections/Lib.Collections.Samples.csproj" />
    <Project Path="samples/Flow/Lib.Flow.Samples.csproj" />
    <Project Path="samples/Misc/Lib.Misc.Samples.csproj" />
  </Folder>
  <Folder Name="/Samples/Networking/">
    <Project Path="samples/Networking/Client/Lib.Networking.Client.Samples.csproj" />
  </Folder>
  <Folder Name="/samples/Networking/Common/">
    <Project Path="samples/Networking/Common/Lib.Networking.Common.Samples.csproj" />
  </Folder>
  <Folder Name="/samples/Networking/Server/">
    <Project Path="samples/Networking/Server/Lib.Networking.Server.Samples.csproj" />
  </Folder>
  <Folder Name="/Tests/">
    <Project Path="tests/Collections/Lib.Collections.Tests.csproj" />
    <Project Path="tests/DockerUtils/Lib.DockerUtils.Tests.csproj" />
    <Project Path="tests/Logging/Lib.Logging.Tests.csproj" />
    <Project Path="tests/Types/Lib.Types.Tests.csproj" />
  </Folder>
  <Project Path="src/Collections/Lib.Collections.csproj" />
  <Project Path="src/Flow/Lib.Flow.csproj" />
  <Project Path="src/Logging/Lib.Logging.csproj" />
  <Project Path="src/Networking/Lib.Networking.csproj" />
  <Project Path="src/Profiling/Lib.Profiling.csproj" />
  <Project Path="src/Types/Lib.Types.csproj" />
  <Project Path="src/Types.Ext.Conversion/Lib.Types.Ext.Conversion.csproj" />
  <Project Path="src/Types.Ext.EFCore/Lib.Types.Ext.EFCore.csproj" />
  <Project Path="src/Utils/Lib.Utils.csproj" />
  <Project Path="src/Vulkan/Lib.Vulkan.csproj" />
  <Project Path="src/DockerUtils/Lib.DockerUtils.csproj" />
</Solution>
